
Microsoft Visual Studio Solution File, Format Version 12.00
# Visual Studio Version 16
VisualStudioVersion = 16.0.28803.202
MinimumVisualStudioVersion = 10.0.40219.1
Project("{9A19103F-16F7-4668-BE54-9A1E7A4F7556}") = "Perficient.OpenShift.Workshop.API", "Perficient.OpenShift.Workshop.API.csproj", "{D8A991D1-864D-4392-B545-2391B4A1A282}"
EndProject
Project("{9A19103F-16F7-4668-BE54-9A1E7A4F7556}") = "Perficient.OpenShift.WorkShop.DataSeeder", "..\Perficient.OpenShift.WorkShop.DataSeeder\Perficient.OpenShift.WorkShop.DataSeeder.csproj", "{871233D7-7C98-4579-86B0-EE42B9D8E877}"
EndProject
Project("{FAE04EC0-301F-11D3-BF4B-00C04F79EFBC}") = "Perficient.OpenShift.Workshop.Models", "..\Perficient.OpenShift.Workshop.Models\Perficient.OpenShift.Workshop.Models.csproj", "{016E9A49-FCCA-4253-9429-7B527674539D}"
EndProject
Global
	GlobalSection(SolutionConfigurationPlatforms) = preSolution
		Debug|Any CPU = Debug|Any CPU
		Release|Any CPU = Release|Any CPU
	EndGlobalSection
	GlobalSection(ProjectConfigurationPlatforms) = postSolution
		{D8A991D1-864D-4392-B545-2391B4A1A282}.Debug|Any CPU.ActiveCfg = Debug|Any CPU
		{D8A991D1-864D-4392-B545-2391B4A1A282}.Debug|Any CPU.Build.0 = Debug|Any CPU
		{D8A991D1-864D-4392-B545-2391B4A1A282}.Release|Any CPU.ActiveCfg = Release|Any CPU
		{D8A991D1-864D-4392-B545-2391B4A1A282}.Release|Any CPU.Build.0 = Release|Any CPU
		{871233D7-7C98-4579-86B0-EE42B9D8E877}.Debug|Any CPU.ActiveCfg = Debug|Any CPU
		{871233D7-7C98-4579-86B0-EE42B9D8E877}.Debug|Any CPU.Build.0 = Debug|Any CPU
		{871233D7-7C98-4579-86B0-EE42B9D8E877}.Release|Any CPU.ActiveCfg = Release|Any CPU
		{871233D7-7C98-4579-86B0-EE42B9D8E877}.Release|Any CPU.Build.0 = Release|Any CPU
		{016E9A49-FCCA-4253-9429-7B527674539D}.Debug|Any CPU.ActiveCfg = Debug|Any CPU
		{016E9A49-FCCA-4253-9429-7B527674539D}.Debug|Any CPU.Build.0 = Debug|Any CPU
		{016E9A49-FCCA-4253-9429-7B527674539D}.Release|Any CPU.ActiveCfg = Release|Any CPU
		{016E9A49-FCCA-4253-9429-7B527674539D}.Release|Any CPU.Build.0 = Release|Any CPU
	EndGlobalSection
	GlobalSection(SolutionProperties) = preSolution
		HideSolutionNode = FALSE
	EndGlobalSection
	GlobalSection(ExtensibilityGlobals) = postSolution
		SolutionGuid = {0E377922-40B2-4542-9990-64D4E05A84FC}
	EndGlobalSection
EndGlobal
